
Microsoft Visual Studio Solution File, Format Version 12.00
# Visual Studio Version 17
VisualStudioVersion = 17.3.32929.385
MinimumVisualStudioVersion = 10.0.40219.1
Project("{8BC9CEB8-8B4A-11D0-8D11-00A0C91BC942}") = "Payment Application", "Payment Application\Payment Application.vcxproj", "{FC84FD72-8C76-42E3-85F7-8C71D30A83A3}"
EndProject
Global
	GlobalSection(SolutionConfigurationPlatforms) = preSolution
		Debug|x64 = Debug|x64
		Debug|x86 = Debug|x86
		Release|x64 = Release|x64
		Release|x86 = Release|x86
	EndGlobalSection
	GlobalSection(ProjectConfigurationPlatforms) = postSolution
		{FC84FD72-8C76-42E3-85F7-8C71D30A83A3}.Debug|x64.ActiveCfg = Debug|x64
		{FC84FD72-8C76-42E3-85F7-8C71D30A83A3}.Debug|x64.Build.0 = Debug|x64
		{FC84FD72-8C76-42E3-85F7-8C71D30A83A3}.Debug|x86.ActiveCfg = Debug|Win32
		{FC84FD72-8C76-42E3-85F7-8C71D30A83A3}.Debug|x86.Build.0 = Debug|Win32
		{FC84FD72-8C76-42E3-85F7-8C71D30A83A3}.Release|x64.ActiveCfg = Release|x64
		{FC84FD72-8C76-42E3-85F7-8C71D30A83A3}.Release|x64.Build.0 = Release|x64
		{FC84FD72-8C76-42E3-85F7-8C71D30A83A3}.Release|x86.ActiveCfg = Release|Win32
		{FC84FD72-8C76-42E3-85F7-8C71D30A83A3}.Release|x86.Build.0 = Release|Win32
	EndGlobalSection
	GlobalSection(SolutionProperties) = preSolution
		HideSolutionNode = FALSE
	EndGlobalSection
	GlobalSection(ExtensibilityGlobals) = postSolution
		SolutionGuid = {52B99ABA-6966-4A8D-AC02-7994B4AE9090}
	EndGlobalSection
EndGlobal
